
Microsoft Visual Studio Solution File, Format Version 12.00
# Visual Studio 2013
VisualStudioVersion = 12.0.31101.0
MinimumVisualStudioVersion = 10.0.40219.1
Project("{FAE04EC0-301F-11D3-BF4B-00C04F79EFBC}") = "DateTimeFormatInfo", "DateTimeFormatInfo\DateTimeFormatInfo.csproj", "{F9E3DFDA-92D5-4AA1-A42C-C7CEE7321477}"
EndProject
Project("{2150E333-8FDC-42A3-9474-1A3956D46DE8}") = "PublishScripts", "PublishScripts", "{2540B3B8-2960-441E-903E-E10BBBC9CD73}"
	ProjectSection(SolutionItems) = preProject
		PublishScripts\AzureWebAppPublishModule.psm1 = PublishScripts\AzureWebAppPublishModule.psm1
		PublishScripts\Publish-WebApplication.ps1 = PublishScripts\Publish-WebApplication.ps1
	EndProjectSection
EndProject
Project("{2150E333-8FDC-42A3-9474-1A3956D46DE8}") = "Configurations", "Configurations", "{EAE0819F-19D4-47E2-97F5-DD7493ECF953}"
	ProjectSection(SolutionItems) = preProject
		PublishScripts\Configurations\DateTimeFormatInfo-WAWS-dev.json = PublishScripts\Configurations\DateTimeFormatInfo-WAWS-dev.json
	EndProjectSection
EndProject
Project("{2150E333-8FDC-42A3-9474-1A3956D46DE8}") = ".nuget", ".nuget", "{1900DB4B-E7E4-462F-BDD9-CD54A9508EA9}"
	ProjectSection(SolutionItems) = preProject
		.nuget\packages.config = .nuget\packages.config
	EndProjectSection
EndProject
Global
	GlobalSection(SolutionConfigurationPlatforms) = preSolution
		Debug|Any CPU = Debug|Any CPU
		Release|Any CPU = Release|Any CPU
	EndGlobalSection
	GlobalSection(ProjectConfigurationPlatforms) = postSolution
		{F9E3DFDA-92D5-4AA1-A42C-C7CEE7321477}.Debug|Any CPU.ActiveCfg = Debug|Any CPU
		{F9E3DFDA-92D5-4AA1-A42C-C7CEE7321477}.Debug|Any CPU.Build.0 = Debug|Any CPU
		{F9E3DFDA-92D5-4AA1-A42C-C7CEE7321477}.Release|Any CPU.ActiveCfg = Release|Any CPU
		{F9E3DFDA-92D5-4AA1-A42C-C7CEE7321477}.Release|Any CPU.Build.0 = Release|Any CPU
	EndGlobalSection
	GlobalSection(SolutionProperties) = preSolution
		HideSolutionNode = FALSE
	EndGlobalSection
	GlobalSection(NestedProjects) = preSolution
		{EAE0819F-19D4-47E2-97F5-DD7493ECF953} = {2540B3B8-2960-441E-903E-E10BBBC9CD73}
	EndGlobalSection
EndGlobal
